
Microsoft Visual Studio Solution File, Format Version 11.00
# Visual Studio 2010
Project("{8BC9CEB8-8B4A-11D0-8D11-00A0C91BC942}") = "Bitest", "Bitest\Bitest.vcxproj", "{616BB951-7E77-48C4-AEDD-DB0C80CEB59F}"
EndProject
Project("{54435603-DBB4-11D2-8724-00A0C9A8B90C}") = "Bitest Install", "Bitest Install\Bitest Install.vdproj", "{CF661282-7E32-45D8-8508-45FC24E40EBF}"
EndProject
Project("{54435603-DBB4-11D2-8724-00A0C9A8B90C}") = "BitestSetup", "Setup1\Setup1.vdproj", "{0CF73D4E-C66B-4345-891E-9F61E1B40CFA}"
EndProject
Global
	GlobalSection(SolutionConfigurationPlatforms) = preSolution
		Debug|Win32 = Debug|Win32
		Release|Win32 = Release|Win32
	EndGlobalSection
	GlobalSection(ProjectConfigurationPlatforms) = postSolution
		{616BB951-7E77-48C4-AEDD-DB0C80CEB59F}.Debug|Win32.ActiveCfg = Debug|Win32
		{616BB951-7E77-48C4-AEDD-DB0C80CEB59F}.Debug|Win32.Build.0 = Debug|Win32
		{616BB951-7E77-48C4-AEDD-DB0C80CEB59F}.Release|Win32.ActiveCfg = Release|Win32
		{616BB951-7E77-48C4-AEDD-DB0C80CEB59F}.Release|Win32.Build.0 = Release|Win32
		{CF661282-7E32-45D8-8508-45FC24E40EBF}.Debug|Win32.ActiveCfg = Debug
		{CF661282-7E32-45D8-8508-45FC24E40EBF}.Release|Win32.ActiveCfg = Release
		{0CF73D4E-C66B-4345-891E-9F61E1B40CFA}.Debug|Win32.ActiveCfg = Debug
		{0CF73D4E-C66B-4345-891E-9F61E1B40CFA}.Release|Win32.ActiveCfg = Release
	EndGlobalSection
	GlobalSection(SolutionProperties) = preSolution
		HideSolutionNode = FALSE
	EndGlobalSection
	GlobalSection(SubversionScc) = preSolution
		Svn-Managed = True
		Manager = AnkhSVN - Subversion Support for Visual Studio
	EndGlobalSection
EndGlobal
